
Microsoft Visual Studio Solution File, Format Version 12.00
# Visual Studio 15
VisualStudioVersion = 15.0.27703.2000
MinimumVisualStudioVersion = 10.0.40219.1
Project("{FAE04EC0-301F-11D3-BF4B-00C04F79EFBC}") = "BirthdayApp", "BirthdayApp\BirthdayApp.csproj", "{44590D08-4074-4A33-BBA9-7D317A91737F}"
EndProject
Project("{FAE04EC0-301F-11D3-BF4B-00C04F79EFBC}") = "jQueryApp", "jQueryApp\jQueryApp.csproj", "{84DE002B-C89C-4D46-B1DA-5C31BA82E732}"
EndProject
Global
	GlobalSection(SolutionConfigurationPlatforms) = preSolution
		Debug|Any CPU = Debug|Any CPU
		Release|Any CPU = Release|Any CPU
	EndGlobalSection
	GlobalSection(ProjectConfigurationPlatforms) = postSolution
		{44590D08-4074-4A33-BBA9-7D317A91737F}.Debug|Any CPU.ActiveCfg = Debug|Any CPU
		{44590D08-4074-4A33-BBA9-7D317A91737F}.Debug|Any CPU.Build.0 = Debug|Any CPU
		{44590D08-4074-4A33-BBA9-7D317A91737F}.Release|Any CPU.ActiveCfg = Release|Any CPU
		{44590D08-4074-4A33-BBA9-7D317A91737F}.Release|Any CPU.Build.0 = Release|Any CPU
		{84DE002B-C89C-4D46-B1DA-5C31BA82E732}.Debug|Any CPU.ActiveCfg = Debug|Any CPU
		{84DE002B-C89C-4D46-B1DA-5C31BA82E732}.Debug|Any CPU.Build.0 = Debug|Any CPU
		{84DE002B-C89C-4D46-B1DA-5C31BA82E732}.Release|Any CPU.ActiveCfg = Release|Any CPU
		{84DE002B-C89C-4D46-B1DA-5C31BA82E732}.Release|Any CPU.Build.0 = Release|Any CPU
	EndGlobalSection
	GlobalSection(SolutionProperties) = preSolution
		HideSolutionNode = FALSE
	EndGlobalSection
	GlobalSection(ExtensibilityGlobals) = postSolution
		SolutionGuid = {0F890290-090C-4673-B8D2-6D80F0A0999B}
	EndGlobalSection
EndGlobal
